schema: '2.0'
stages:
  data_ingestion:
    cmd: python src/cnnClassifier/pipeline/stage_01_data_ingestion.py
    deps:
    - path: config/config.yaml
      hash: md5
      md5: 056df356148e1c3281f08c1113a1ae54
      size: 783
    - path: src/cnnClassifier/pipeline/stage_01_data_ingestion.py
      hash: md5
      md5: f0d71457dd183c993e7765a114c30df2
      size: 880
    outs:
    - path: artifacts/data_ingestion/Chicken-fecal-images
      hash: md5
      md5: 9e1f8dd2eae3c29e9d635df89d438ae4.dir
      size: 12207807
      nfiles: 390
  prepare_base_model:
    cmd: python src/cnnClassifier/pipeline/stage_02_prepare_base_model.py
    deps:
    - path: config/config.yaml
      hash: md5
      md5: 056df356148e1c3281f08c1113a1ae54
      size: 783
    - path: src/cnnClassifier/pipeline/stage_02_prepare_base_model.py
      hash: md5
      md5: 3b210fe39030131d103a81163c3e3038
      size: 966
    params:
      params.yaml:
        CLASSES: 2
        IMAGE_SIZE:
        - 224
        - 224
        - 3
        INCLUDE_TOP: false
        LEARNING_RATE: 0.01
        WEIGHTS: imagenet
    outs:
    - path: artifacts/prepare_base_model
      hash: md5
      md5: c2e5bd181fd1a7cfd642f108494472cb.dir
      size: 118038272
      nfiles: 2
  training:
    cmd: python src/cnnClassifier/pipeline/stage_03_model_trainer.py
    deps:
    - path: artifacts/data_ingestion/Chicken-fecal-images
      hash: md5
      md5: 9e1f8dd2eae3c29e9d635df89d438ae4.dir
      size: 12207807
      nfiles: 390
    - path: artifacts/prepare_base_model
      hash: md5
      md5: c2e5bd181fd1a7cfd642f108494472cb.dir
      size: 118038272
      nfiles: 2
    - path: config/config.yaml
      hash: md5
      md5: 056df356148e1c3281f08c1113a1ae54
      size: 783
    - path: src/cnnClassifier/components/prepare_callbacks.py
      hash: md5
      md5: 0d292ca52178b4d6c2a7301a166abdd9
      size: 969
    - path: src/cnnClassifier/pipeline/stage_03_model_trainer.py
      hash: md5
      md5: 88ef0e643cd9eba1a410e44c1fdefca3
      size: 1220
    params:
      params.yaml:
        AUGMENTATION: true
        BATCH_SIZE: 16
        EPOCHS: 1
        IMAGE_SIZE:
        - 224
        - 224
        - 3
    outs:
    - path: artifacts/training/model.h5
      hash: md5
      md5: db8c0f3e7824fcb452cbcbdf5344fa0f
      size: 59531336
  evaluation:
    cmd: python src/cnnClassifier/pipeline/stage_04_model_evaluation.py
    deps:
    - path: artifacts/data_ingestion/Chicken-fecal-images
      hash: md5
      md5: 9e1f8dd2eae3c29e9d635df89d438ae4.dir
      size: 12207807
      nfiles: 390
    - path: artifacts/training/model.h5
      hash: md5
      md5: db8c0f3e7824fcb452cbcbdf5344fa0f
      size: 59531336
    - path: config/config.yaml
      hash: md5
      md5: 056df356148e1c3281f08c1113a1ae54
      size: 783
    - path: src/cnnClassifier/pipeline/stage_04_model_evaluation.py
      hash: md5
      md5: 98a3897db291e249c8be749297a33d23
      size: 843
    params:
      params.yaml:
        BATCH_SIZE: 16
        IMAGE_SIZE:
        - 224
        - 224
        - 3
    outs:
    - path: scores.json
      hash: md5
      md5: 26e5490d1cf4c760f19a619c7cc0e5ba
      size: 71
